<?xml version="1.0" encoding="utf-8"?>
<Project ToolsVersion="4.0" xmlns="http://schemas.microsoft.com/developer/msbuild/2003">
  <ItemGroup>
    <Filter Include="Source Files">
      <UniqueIdentifier>{4FC737F1-C7A5-4376-A066-2A32D752A2FF}</UniqueIdentifier>
      <Extensions>cpp;c;cc;cxx;def;odl;idl;hpj;bat;asm;asmx</Extensions>
    </Filter>
    <Filter Include="Header Files">
      <UniqueIdentifier>{93995380-89BD-4b04-88EB-625FBE52EBFB}</UniqueIdentifier>
      <Extensions>h;hh;hpp;hxx;hm;inl;inc;xsd</Extensions>
    </Filter>
    <Filter Include="Resource Files">
      <UniqueIdentifier>{67DA6AB6-F800-4c08-8B7A-83BB121AAD01}</UniqueIdentifier>
      <Extensions>rc;ico;cur;bmp;dlg;rc2;rct;bin;rgs;gif;jpg;jpeg;jpe;resx;tiff;tif;png;wav;mfcribbon-ms</Extensions>
    </Filter>
    <Filter Include="Source Files\Chapter2">
      <UniqueIdentifier>{7e781f19-c1ff-49a3-9d5c-aa11b57e6c08}</UniqueIdentifier>
    </Filter>
    <Filter Include="Source Files\Chapter6">
      <UniqueIdentifier>{4d0e735f-c4b4-46b0-a0a4-d4c424044659}</UniqueIdentifier>
    </Filter>
    <Filter Include="Source Files\Chapter7">
      <UniqueIdentifier>{8976955c-ae45-4b19-b944-8c580d90906a}</UniqueIdentifier>
    </Filter>
  </ItemGroup>
  <ItemGroup>
    <ClInclude Include="stdafx.h">
      <Filter>Header Files</Filter>
    </ClInclude>
    <ClInclude Include="targetver.h">
      <Filter>Header Files</Filter>
    </ClInclude>
    <ClInclude Include="..\Chapter2\SilentFunctions.h">
      <Filter>Source Files\Chapter2</Filter>
    </ClInclude>
    <ClInclude Include="..\Chapter6\NonPOD.h">
      <Filter>Source Files\Chapter6</Filter>
    </ClInclude>
    <ClInclude Include="..\Chapter6\PerformanceTester.h">
      <Filter>Source Files\Chapter6</Filter>
    </ClInclude>
    <ClInclude Include="..\Chapter7\Heap.h">
      <Filter>Source Files\Chapter7</Filter>
    </ClInclude>
    <ClInclude Include="..\Chapter7\MemoryManager.h">
      <Filter>Source Files\Chapter7</Filter>
    </ClInclude>
    <ClInclude Include="..\Chapter7\HeapFactory.h">
      <Filter>Source Files\Chapter7</Filter>
    </ClInclude>
  </ItemGroup>
  <ItemGroup>
    <ClCompile Include="stdafx.cpp">
      <Filter>Source Files</Filter>
    </ClCompile>
    <ClCompile Include="EffCPP.cpp">
      <Filter>Source Files</Filter>
    </ClCompile>
    <ClCompile Include="..\Chapter6\PerformanceTester.cpp">
      <Filter>Source Files\Chapter6</Filter>
    </ClCompile>
    <ClCompile Include="..\Chapter6\NonPOD.cpp">
      <Filter>Source Files\Chapter6</Filter>
    </ClCompile>
    <ClCompile Include="..\Chapter7\MemoryManager.cpp">
      <Filter>Source Files\Chapter7</Filter>
    </ClCompile>
    <ClCompile Include="..\Chapter7\HeapFactory.cpp">
      <Filter>Source Files\Chapter7</Filter>
    </ClCompile>
    <ClCompile Include="..\Chapter7\Heap.cpp">
      <Filter>Source Files</Filter>
    </ClCompile>
  </ItemGroup>
</Project>